
Microsoft Visual Studio Solution File, Format Version 12.00
# Visual Studio Version 17
VisualStudioVersion = 17.9.34728.123
MinimumVisualStudioVersion = 10.0.40219.1
Project("{FAE04EC0-301F-11D3-BF4B-00C04F79EFBC}") = "Labb-3API2.0", "Labb-3API2.0\Labb-3API2.0.csproj", "{14DE8B1C-A373-4880-B30C-659C0B82777F}"
EndProject
Global
	GlobalSection(SolutionConfigurationPlatforms) = preSolution
		Debug|Any CPU = Debug|Any CPU
		Release|Any CPU = Release|Any CPU
	EndGlobalSection
	GlobalSection(ProjectConfigurationPlatforms) = postSolution
		{14DE8B1C-A373-4880-B30C-659C0B82777F}.Debug|Any CPU.ActiveCfg = Debug|Any CPU
		{14DE8B1C-A373-4880-B30C-659C0B82777F}.Debug|Any CPU.Build.0 = Debug|Any CPU
		{14DE8B1C-A373-4880-B30C-659C0B82777F}.Release|Any CPU.ActiveCfg = Release|Any CPU
		{14DE8B1C-A373-4880-B30C-659C0B82777F}.Release|Any CPU.Build.0 = Release|Any CPU
	EndGlobalSection
	GlobalSection(SolutionProperties) = preSolution
		HideSolutionNode = FALSE
	EndGlobalSection
	GlobalSection(ExtensibilityGlobals) = postSolution
		SolutionGuid = {331AA20B-DD2F-4D97-90B8-414750047643}
	EndGlobalSection
EndGlobal
